
Microsoft Visual Studio Solution File, Format Version 12.00
# Visual Studio Version 17
VisualStudioVersion = 17.7.34024.191
MinimumVisualStudioVersion = 10.0.40219.1
Project("{FAE04EC0-301F-11D3-BF4B-00C04F79EFBC}") = "Test", "Test.csproj", "{D290C6E4-4ADC-41AB-8F3E-87573F26D571}"
EndProject
Global
	GlobalSection(SolutionConfigurationPlatforms) = preSolution
		Debug|Any CPU = Debug|Any CPU
		Release|Any CPU = Release|Any CPU
	EndGlobalSection
	GlobalSection(ProjectConfigurationPlatforms) = postSolution
		{D290C6E4-4ADC-41AB-8F3E-87573F26D571}.Debug|Any CPU.ActiveCfg = Debug|Any CPU
		{D290C6E4-4ADC-41AB-8F3E-87573F26D571}.Debug|Any CPU.Build.0 = Debug|Any CPU
		{D290C6E4-4ADC-41AB-8F3E-87573F26D571}.Release|Any CPU.ActiveCfg = Release|Any CPU
		{D290C6E4-4ADC-41AB-8F3E-87573F26D571}.Release|Any CPU.Build.0 = Release|Any CPU
	EndGlobalSection
	GlobalSection(SolutionProperties) = preSolution
		HideSolutionNode = FALSE
	EndGlobalSection
	GlobalSection(ExtensibilityGlobals) = postSolution
		SolutionGuid = {18435FF7-E329-4376-B7EB-13A0D2B20916}
	EndGlobalSection
EndGlobal
