
Microsoft Visual Studio Solution File, Format Version 12.00
# Visual Studio Version 17
VisualStudioVersion = 17.7.34024.191
MinimumVisualStudioVersion = 10.0.40219.1
Project("{FAE04EC0-301F-11D3-BF4B-00C04F79EFBC}") = "Lesson4", "Lesson4.csproj", "{C9792D76-82F6-43C1-9204-3559BB9D6CE0}"
EndProject
Global
	GlobalSection(SolutionConfigurationPlatforms) = preSolution
		Debug|Any CPU = Debug|Any CPU
		Release|Any CPU = Release|Any CPU
	EndGlobalSection
	GlobalSection(ProjectConfigurationPlatforms) = postSolution
		{C9792D76-82F6-43C1-9204-3559BB9D6CE0}.Debug|Any CPU.ActiveCfg = Debug|Any CPU
		{C9792D76-82F6-43C1-9204-3559BB9D6CE0}.Debug|Any CPU.Build.0 = Debug|Any CPU
		{C9792D76-82F6-43C1-9204-3559BB9D6CE0}.Release|Any CPU.ActiveCfg = Release|Any CPU
		{C9792D76-82F6-43C1-9204-3559BB9D6CE0}.Release|Any CPU.Build.0 = Release|Any CPU
	EndGlobalSection
	GlobalSection(SolutionProperties) = preSolution
		HideSolutionNode = FALSE
	EndGlobalSection
	GlobalSection(ExtensibilityGlobals) = postSolution
		SolutionGuid = {67082BA2-51F1-4F29-AA45-871FEEFF900D}
	EndGlobalSection
EndGlobal
